{
  "name": "spec-driven-sdlc-demo",
  "version": "0.1.0",
  "lockfileVersion": 3,
  "requires": true,
  "packages": {
    "": {
      "name": "spec-driven-sdlc-demo",
      "version": "0.1.0",
      "workspaces": [
        "benchmark",
        "dashboard",
        "spec-factory"
      ],
      "engines": {
        "node": ">=20"
      }
    },
    "benchmark": {
      "name": "@spec-demo/benchmark",
      "version": "0.1.0"
    },
    "dashboard": {
      "name": "@spec-demo/dashboard",
      "version": "0.1.0"
    },
    "node_modules/@spec-demo/benchmark": {
      "resolved": "benchmark",
      "link": true
    },
    "node_modules/@spec-demo/dashboard": {
      "resolved": "dashboard",
      "link": true
    },
    "node_modules/@spec-demo/spec-factory": {
      "resolved": "spec-factory",
      "link": true
    },
    "spec-factory": {
      "name": "@spec-demo/spec-factory",
      "version": "0.1.0"
    }
  }
}
